
Microsoft Visual Studio Solution File, Format Version 12.00
# Visual Studio Version 17
VisualStudioVersion = 17.5.33627.172
MinimumVisualStudioVersion = 10.0.40219.1
Project("{9A19103F-16F7-4668-BE54-9A1E7A4F7556}") = "StackExchange.Redis.Entity", "StackExchange.Redis.Entity\StackExchange.Redis.Entity.csproj", "{22A0284F-124E-447A-851D-922E12E42855}"
EndProject
Project("{9A19103F-16F7-4668-BE54-9A1E7A4F7556}") = "StackExchange.Redis.Entity.Tests", "StackExchange.Redis.Entity.Tests\StackExchange.Redis.Entity.Tests.csproj", "{7E687B6A-7571-45EA-BECE-38D75C3AF1F3}"
EndProject
Project("{2150E333-8FDC-42A3-9474-1A3956D46DE8}") = "lib", "lib", "{E9417219-61C2-4769-A87A-7F21B3869116}"
EndProject
Project("{FAE04EC0-301F-11D3-BF4B-00C04F79EFBC}") = "DocLib", "lib\DocLib\DocLib.csproj", "{33EF8CC5-86DF-4A45-801F-D08990B5DAEB}"
EndProject
Project("{FAE04EC0-301F-11D3-BF4B-00C04F79EFBC}") = "DocLib.RedisEntity", "lib\DocLib.RedisEntity\DocLib.RedisEntity.csproj", "{B4B1FA3B-E48B-4500-8F12-030EEFF7C910}"
EndProject
Project("{FAE04EC0-301F-11D3-BF4B-00C04F79EFBC}") = "StackExchange.Redis.Entity.Benchmarks", "StackExchange.Redis.Entity.Benchmarks\StackExchange.Redis.Entity.Benchmarks.csproj", "{4AAAD01F-6EC7-46FB-8E2F-794AA1128940}"
EndProject
Global
	GlobalSection(SolutionConfigurationPlatforms) = preSolution
		Debug|Any CPU = Debug|Any CPU
		Release|Any CPU = Release|Any CPU
	EndGlobalSection
	GlobalSection(ProjectConfigurationPlatforms) = postSolution
		{22A0284F-124E-447A-851D-922E12E42855}.Debug|Any CPU.ActiveCfg = Debug|Any CPU
		{22A0284F-124E-447A-851D-922E12E42855}.Debug|Any CPU.Build.0 = Debug|Any CPU
		{22A0284F-124E-447A-851D-922E12E42855}.Release|Any CPU.ActiveCfg = Release|Any CPU
		{22A0284F-124E-447A-851D-922E12E42855}.Release|Any CPU.Build.0 = Release|Any CPU
		{7E687B6A-7571-45EA-BECE-38D75C3AF1F3}.Debug|Any CPU.ActiveCfg = Debug|Any CPU
		{7E687B6A-7571-45EA-BECE-38D75C3AF1F3}.Debug|Any CPU.Build.0 = Debug|Any CPU
		{7E687B6A-7571-45EA-BECE-38D75C3AF1F3}.Release|Any CPU.ActiveCfg = Release|Any CPU
		{7E687B6A-7571-45EA-BECE-38D75C3AF1F3}.Release|Any CPU.Build.0 = Release|Any CPU
		{33EF8CC5-86DF-4A45-801F-D08990B5DAEB}.Debug|Any CPU.ActiveCfg = Debug|Any CPU
		{33EF8CC5-86DF-4A45-801F-D08990B5DAEB}.Debug|Any CPU.Build.0 = Debug|Any CPU
		{33EF8CC5-86DF-4A45-801F-D08990B5DAEB}.Release|Any CPU.ActiveCfg = Release|Any CPU
		{33EF8CC5-86DF-4A45-801F-D08990B5DAEB}.Release|Any CPU.Build.0 = Release|Any CPU
		{B4B1FA3B-E48B-4500-8F12-030EEFF7C910}.Debug|Any CPU.ActiveCfg = Debug|Any CPU
		{B4B1FA3B-E48B-4500-8F12-030EEFF7C910}.Debug|Any CPU.Build.0 = Debug|Any CPU
		{B4B1FA3B-E48B-4500-8F12-030EEFF7C910}.Release|Any CPU.ActiveCfg = Release|Any CPU
		{B4B1FA3B-E48B-4500-8F12-030EEFF7C910}.Release|Any CPU.Build.0 = Release|Any CPU
		{4AAAD01F-6EC7-46FB-8E2F-794AA1128940}.Debug|Any CPU.ActiveCfg = Debug|Any CPU
		{4AAAD01F-6EC7-46FB-8E2F-794AA1128940}.Debug|Any CPU.Build.0 = Debug|Any CPU
		{4AAAD01F-6EC7-46FB-8E2F-794AA1128940}.Release|Any CPU.ActiveCfg = Release|Any CPU
		{4AAAD01F-6EC7-46FB-8E2F-794AA1128940}.Release|Any CPU.Build.0 = Release|Any CPU
	EndGlobalSection
	GlobalSection(SolutionProperties) = preSolution
		HideSolutionNode = FALSE
	EndGlobalSection
	GlobalSection(NestedProjects) = preSolution
		{33EF8CC5-86DF-4A45-801F-D08990B5DAEB} = {E9417219-61C2-4769-A87A-7F21B3869116}
		{B4B1FA3B-E48B-4500-8F12-030EEFF7C910} = {E9417219-61C2-4769-A87A-7F21B3869116}
	EndGlobalSection
	GlobalSection(ExtensibilityGlobals) = postSolution
		SolutionGuid = {B2D78239-2E18-48FD-9262-53FED8E6625D}
	EndGlobalSection
EndGlobal
